
Microsoft Visual Studio Solution File, Format Version 12.00
# Visual Studio Version 17
VisualStudioVersion = 17.4.33205.214
MinimumVisualStudioVersion = 10.0.40219.1
Project("{FAE04EC0-301F-11D3-BF4B-00C04F79EFBC}") = "SteamAchievementsProgressParser", "SteamAchievementsProgressParser.csproj", "{9B9A8EA5-F915-4FAE-A606-1755521FDF4F}"
EndProject
Global
	GlobalSection(SolutionConfigurationPlatforms) = preSolution
		Debug|Any CPU = Debug|Any CPU
		Release|Any CPU = Release|Any CPU
	EndGlobalSection
	GlobalSection(ProjectConfigurationPlatforms) = postSolution
		{9B9A8EA5-F915-4FAE-A606-1755521FDF4F}.Debug|Any CPU.ActiveCfg = Debug|Any CPU
		{9B9A8EA5-F915-4FAE-A606-1755521FDF4F}.Debug|Any CPU.Build.0 = Debug|Any CPU
		{9B9A8EA5-F915-4FAE-A606-1755521FDF4F}.Release|Any CPU.ActiveCfg = Release|Any CPU
		{9B9A8EA5-F915-4FAE-A606-1755521FDF4F}.Release|Any CPU.Build.0 = Release|Any CPU
	EndGlobalSection
	GlobalSection(SolutionProperties) = preSolution
		HideSolutionNode = FALSE
	EndGlobalSection
	GlobalSection(ExtensibilityGlobals) = postSolution
		SolutionGuid = {F1FF0B1D-CE1C-4591-82A8-8EF7A96C64A4}
	EndGlobalSection
EndGlobal
